
Microsoft Visual Studio Solution File, Format Version 12.00
# Visual Studio Version 16
VisualStudioVersion = 16.0.31205.134
MinimumVisualStudioVersion = 10.0.40219.1
Project("{FAE04EC0-301F-11D3-BF4B-00C04F79EFBC}") = "API", "API\API.csproj", "{4711C917-315C-4315-B3C7-D8DA0B2585BD}"
EndProject
Project("{FAE04EC0-301F-11D3-BF4B-00C04F79EFBC}") = "Model", "..\Model\Model.csproj", "{A48347CF-1F14-4DD5-9671-E5F3CE81068A}"
EndProject
Project("{FAE04EC0-301F-11D3-BF4B-00C04F79EFBC}") = "Data", "..\Data\Data.csproj", "{15B380C4-72BB-4D6C-A4C2-8E336F460DE0}"
EndProject
Project("{FAE04EC0-301F-11D3-BF4B-00C04F79EFBC}") = "ClientApp", "..\ClientApp\ClientApp.csproj", "{8D090564-0E9D-4CB2-A78B-AF50BBE9276F}"
	ProjectSection(ProjectDependencies) = postProject
		{4711C917-315C-4315-B3C7-D8DA0B2585BD} = {4711C917-315C-4315-B3C7-D8DA0B2585BD}
	EndProjectSection
EndProject
Global
	GlobalSection(SolutionConfigurationPlatforms) = preSolution
		Debug|Any CPU = Debug|Any CPU
		Release|Any CPU = Release|Any CPU
	EndGlobalSection
	GlobalSection(ProjectConfigurationPlatforms) = postSolution
		{4711C917-315C-4315-B3C7-D8DA0B2585BD}.Debug|Any CPU.ActiveCfg = Debug|Any CPU
		{4711C917-315C-4315-B3C7-D8DA0B2585BD}.Debug|Any CPU.Build.0 = Debug|Any CPU
		{4711C917-315C-4315-B3C7-D8DA0B2585BD}.Release|Any CPU.ActiveCfg = Release|Any CPU
		{4711C917-315C-4315-B3C7-D8DA0B2585BD}.Release|Any CPU.Build.0 = Release|Any CPU
		{A48347CF-1F14-4DD5-9671-E5F3CE81068A}.Debug|Any CPU.ActiveCfg = Debug|Any CPU
		{A48347CF-1F14-4DD5-9671-E5F3CE81068A}.Debug|Any CPU.Build.0 = Debug|Any CPU
		{A48347CF-1F14-4DD5-9671-E5F3CE81068A}.Release|Any CPU.ActiveCfg = Release|Any CPU
		{A48347CF-1F14-4DD5-9671-E5F3CE81068A}.Release|Any CPU.Build.0 = Release|Any CPU
		{15B380C4-72BB-4D6C-A4C2-8E336F460DE0}.Debug|Any CPU.ActiveCfg = Debug|Any CPU
		{15B380C4-72BB-4D6C-A4C2-8E336F460DE0}.Debug|Any CPU.Build.0 = Debug|Any CPU
		{15B380C4-72BB-4D6C-A4C2-8E336F460DE0}.Release|Any CPU.ActiveCfg = Release|Any CPU
		{15B380C4-72BB-4D6C-A4C2-8E336F460DE0}.Release|Any CPU.Build.0 = Release|Any CPU
		{8D090564-0E9D-4CB2-A78B-AF50BBE9276F}.Debug|Any CPU.ActiveCfg = Debug|Any CPU
		{8D090564-0E9D-4CB2-A78B-AF50BBE9276F}.Debug|Any CPU.Build.0 = Debug|Any CPU
		{8D090564-0E9D-4CB2-A78B-AF50BBE9276F}.Release|Any CPU.ActiveCfg = Release|Any CPU
		{8D090564-0E9D-4CB2-A78B-AF50BBE9276F}.Release|Any CPU.Build.0 = Release|Any CPU
	EndGlobalSection
	GlobalSection(SolutionProperties) = preSolution
		HideSolutionNode = FALSE
	EndGlobalSection
	GlobalSection(ExtensibilityGlobals) = postSolution
		SolutionGuid = {06D520F2-9A4F-4F18-90F8-65D57518A622}
	EndGlobalSection
EndGlobal
